// !$*UTF8*$!
{
	archiveVersion = 1;
	classes = {
	};
	objectVersion = 77;
	objects = {

/* Begin PBXBuildFile section */
		FF00C8B02E4D012B00104283 /* SumUpSDK in Frameworks */ = {isa = PBXBuildFile; productRef = A5EAC7A2E6494A739F591748 /* SumUpSDK */; };
		FF48FB3A2E5F4AE300E3289A /* libepos2.xcframework in Frameworks */ = {isa = PBXBuildFile; fileRef = FF48FB382E5F4AE300E3289A /* libepos2.xcframework */; };
		FF48FB3B2E5F4AE300E3289A /* libepos2.xcframework in Embed Frameworks */ = {isa = PBXBuildFile; fileRef = FF48FB382E5F4AE300E3289A /* libepos2.xcframework */; settings = {ATTRIBUTES = (CodeSignOnCopy, RemoveHeadersOnCopy, ); }; };
		FF48FB3C2E5F4AE300E3289A /* libeposeasyselect.xcframework in Frameworks */ = {isa = PBXBuildFile; fileRef = FF48FB392E5F4AE300E3289A /* libeposeasyselect.xcframework */; };
		FF48FB3D2E5F4AE300E3289A /* libeposeasyselect.xcframework in Embed Frameworks */ = {isa = PBXBuildFile; fileRef = FF48FB392E5F4AE300E3289A /* libeposeasyselect.xcframework */; settings = {ATTRIBUTES = (CodeSignOnCopy, RemoveHeadersOnCopy, ); }; };
/* End PBXBuildFile section */

/* Begin PBXContainerItemProxy section */
		FF0710F52E4A8A0500F8E3B3 /* PBXContainerItemProxy */ = {
			isa = PBXContainerItemProxy;
			containerPortal = FF0710DB2E4A8A0300F8E3B3 /* Project object */;
			proxyType = 1;
			remoteGlobalIDString = FF0710E22E4A8A0300F8E3B3;
			remoteInfo = POStest;
		};
		FF0710FF2E4A8A0500F8E3B3 /* PBXContainerItemProxy */ = {
			isa = PBXContainerItemProxy;
			containerPortal = FF0710DB2E4A8A0300F8E3B3 /* Project object */;
			proxyType = 1;
			remoteGlobalIDString = FF0710E22E4A8A0300F8E3B3;
			remoteInfo = POStest;
		};
/* End PBXContainerItemProxy section */

/* Begin PBXCopyFilesBuildPhase section */
		FF48FB3E2E5F4AE300E3289A /* Embed Frameworks */ = {
			isa = PBXCopyFilesBuildPhase;
			buildActionMask = 2147483647;
			dstPath = "";
			dstSubfolderSpec = 10;
			files = (
				FF48FB3D2E5F4AE300E3289A /* libeposeasyselect.xcframework in Embed Frameworks */,
				FF48FB3B2E5F4AE300E3289A /* libepos2.xcframework in Embed Frameworks */,
			);
			name = "Embed Frameworks";
			runOnlyForDeploymentPostprocessing = 0;
		};
/* End PBXCopyFilesBuildPhase section */

/* Begin PBXFileReference section */
		A5EAC7A2E6494A739F591749 /* SumUpSDK */ = {isa = PBXFileReference; lastKnownFileType = wrapper.framework; name = SumUpSDK; path = SumUpSDK.xcframework; sourceTree = "<group>"; };
		FF0710E32E4A8A0300F8E3B3 /* POStest.app */ = {isa = PBXFileReference; explicitFileType = wrapper.application; includeInIndex = 0; path = POStest.app; sourceTree = BUILT_PRODUCTS_DIR; };
		FF0710F42E4A8A0500F8E3B3 /* POStestTests.xctest */ = {isa = PBXFileReference; explicitFileType = wrapper.cfbundle; includeInIndex = 0; path = POStestTests.xctest; sourceTree = BUILT_PRODUCTS_DIR; };
		FF0710FE2E4A8A0500F8E3B3 /* POStestUITests.xctest */ = {isa = PBXFileReference; explicitFileType = wrapper.cfbundle; includeInIndex = 0; path = POStestUITests.xctest; sourceTree = BUILT_PRODUCTS_DIR; };
		FF48FB382E5F4AE300E3289A /* libepos2.xcframework */ = {isa = PBXFileReference; expectedSignature = "AppleDeveloperProgram:TXAEAV5RN4:Seiko Epson Corporation"; lastKnownFileType = wrapper.xcframework; name = libepos2.xcframework; path = "../../ePOS_SDK_iOS_v2.32.0 2/libepos2.xcframework"; sourceTree = "<group>"; };
		FF48FB392E5F4AE300E3289A /* libeposeasyselect.xcframework */ = {isa = PBXFileReference; expectedSignature = "AppleDeveloperProgram:TXAEAV5RN4:Seiko Epson Corporation"; lastKnownFileType = wrapper.xcframework; name = libeposeasyselect.xcframework; path = "../../ePOS_SDK_iOS_v2.32.0 2/libeposeasyselect.xcframework"; sourceTree = "<group>"; };
/* End PBXFileReference section */

/* Begin PBXFileSystemSynchronizedRootGroup section */
		FF0710E52E4A8A0300F8E3B3 /* POStest */ = {
			isa = PBXFileSystemSynchronizedRootGroup;
			path = POStest;
			sourceTree = "<group>";
		};
		FF0710F72E4A8A0500F8E3B3 /* POStestTests */ = {
			isa = PBXFileSystemSynchronizedRootGroup;
			path = POStestTests;
			sourceTree = "<group>";
		};
		FF0711012E4A8A0500F8E3B3 /* POStestUITests */ = {
			isa = PBXFileSystemSynchronizedRootGroup;
			path = POStestUITests;
			sourceTree = "<group>";
		};
/* End PBXFileSystemSynchronizedRootGroup section */

/* Begin PBXFrameworksBuildPhase section */
		FF0710E02E4A8A0300F8E3B3 /* Frameworks */ = {
			isa = PBXFrameworksBuildPhase;
			buildActionMask = 2147483647;
			files = (
				FF48FB3C2E5F4AE300E3289A /* libeposeasyselect.xcframework in Frameworks */,
				FF00C8B02E4D012B00104283 /* SumUpSDK in Frameworks */,
				FF48FB3A2E5F4AE300E3289A /* libepos2.xcframework in Frameworks */,
			);
			runOnlyForDeploymentPostprocessing = 0;
		};
		FF0710F12E4A8A0500F8E3B3 /* Frameworks */ = {
			isa = PBXFrameworksBuildPhase;
			buildActionMask = 2147483647;
			files = (
			);
			runOnlyForDeploymentPostprocessing = 0;
		};
		FF0710FB2E4A8A0500F8E3B3 /* Frameworks */ = {
			isa = PBXFrameworksBuildPhase;
			buildActionMask = 2147483647;
			files = (
			);
			runOnlyForDeploymentPostprocessing = 0;
		};
/* End PBXFrameworksBuildPhase section */

/* Begin PBXGroup section */
		A5EAC7A1E6494A739F591748 /* Swift Package Dependencies */ = {
			isa = PBXGroup;
			children = (
				A5EAC7A2E6494A739F591749 /* SumUpSDK */,
			);
			name = "Swift Package Dependencies";
			sourceTree = "<group>";
		};
		FF0710DA2E4A8A0300F8E3B3 = {
			isa = PBXGroup;
			children = (
				FF0710E52E4A8A0300F8E3B3 /* POStest */,
				FF0710F72E4A8A0500F8E3B3 /* POStestTests */,
				FF0711012E4A8A0500F8E3B3 /* POStestUITests */,
				FF0710E42E4A8A0300F8E3B3 /* Products */,
				A5EAC7A1E6494A739F591748 /* Swift Package Dependencies */,
				FF48FB372E5F4AE300E3289A /* Frameworks */,
			);
			sourceTree = "<group>";
		};
		FF0710E42E4A8A0300F8E3B3 /* Products */ = {
			isa = PBXGroup;
			children = (
				FF0710E32E4A8A0300F8E3B3 /* POStest.app */,
				FF0710F42E4A8A0500F8E3B3 /* POStestTests.xctest */,
				FF0710FE2E4A8A0500F8E3B3 /* POStestUITests.xctest */,
			);
			name = Products;
			sourceTree = "<group>";
		};
		FF48FB372E5F4AE300E3289A /* Frameworks */ = {
			isa = PBXGroup;
			children = (
				FF48FB382E5F4AE300E3289A /* libepos2.xcframework */,
				FF48FB392E5F4AE300E3289A /* libeposeasyselect.xcframework */,
			);
			name = Frameworks;
			sourceTree = "<group>";
		};
/* End PBXGroup section */

/* Begin PBXNativeTarget section */
		FF0710E22E4A8A0300F8E3B3 /* POStest */ = {
			isa = PBXNativeTarget;
			buildConfigurationList = FF0711082E4A8A0500F8E3B3 /* Build configuration list for PBXNativeTarget "POStest" */;
			buildPhases = (
				FF0710DF2E4A8A0300F8E3B3 /* Sources */,
				FF0710E02E4A8A0300F8E3B3 /* Frameworks */,
				FF0710E12E4A8A0300F8E3B3 /* Resources */,
				FF48FB3E2E5F4AE300E3289A /* Embed Frameworks */,
			);
			buildRules = (
			);
			dependencies = (
			);
			fileSystemSynchronizedGroups = (
				FF0710E52E4A8A0300F8E3B3 /* POStest */,
			);
			name = POStest;
			packageProductDependencies = (
				A5EAC7A2E6494A739F591748 /* SumUpSDK */,
			);
			productName = POStest;
			productReference = FF0710E32E4A8A0300F8E3B3 /* POStest.app */;
			productType = "com.apple.product-type.application";
		};
		FF0710F32E4A8A0500F8E3B3 /* POStestTests */ = {
			isa = PBXNativeTarget;
			buildConfigurationList = FF07110B2E4A8A0500F8E3B3 /* Build configuration list for PBXNativeTarget "POStestTests" */;
			buildPhases = (
				FF0710F02E4A8A0500F8E3B3 /* Sources */,
				FF0710F12E4A8A0500F8E3B3 /* Frameworks */,
				FF0710F22E4A8A0500F8E3B3 /* Resources */,
			);
			buildRules = (
			);
			dependencies = (
				FF0710F62E4A8A0500F8E3B3 /* PBXTargetDependency */,
			);
			fileSystemSynchronizedGroups = (
				FF0710F72E4A8A0500F8E3B3 /* POStestTests */,
			);
			name = POStestTests;
			packageProductDependencies = (
			);
			productName = POStestTests;
			productReference = FF0710F42E4A8A0500F8E3B3 /* POStestTests.xctest */;
			productType = "com.apple.product-type.bundle.unit-test";
		};
		FF0710FD2E4A8A0500F8E3B3 /* POStestUITests */ = {
			isa = PBXNativeTarget;
			buildConfigurationList = FF07110E2E4A8A0500F8E3B3 /* Build configuration list for PBXNativeTarget "POStestUITests" */;
			buildPhases = (
				FF0710FA2E4A8A0500F8E3B3 /* Sources */,
				FF0710FB2E4A8A0500F8E3B3 /* Frameworks */,
				FF0710FC2E4A8A0500F8E3B3 /* Resources */,
			);
			buildRules = (
			);
			dependencies = (
				FF0711002E4A8A0500F8E3B3 /* PBXTargetDependency */,
			);
			fileSystemSynchronizedGroups = (
				FF0711012E4A8A0500F8E3B3 /* POStestUITests */,
			);
			name = POStestUITests;
			packageProductDependencies = (
			);
			productName = POStestUITests;
			productReference = FF0710FE2E4A8A0500F8E3B3 /* POStestUITests.xctest */;
			productType = "com.apple.product-type.bundle.ui-testing";
		};
/* End PBXNativeTarget section */

/* Begin PBXProject section */
		FF0710DB2E4A8A0300F8E3B3 /* Project object */ = {
			isa = PBXProject;
			attributes = {
				BuildIndependentTargetsInParallel = 1;
				LastSwiftUpdateCheck = 1620;
				LastUpgradeCheck = 1620;
				TargetAttributes = {
					FF0710E22E4A8A0300F8E3B3 = {
						CreatedOnToolsVersion = 16.2;
					};
					FF0710F32E4A8A0500F8E3B3 = {
						CreatedOnToolsVersion = 16.2;
						TestTargetID = FF0710E22E4A8A0300F8E3B3;
					};
					FF0710FD2E4A8A0500F8E3B3 = {
						CreatedOnToolsVersion = 16.2;
						TestTargetID = FF0710E22E4A8A0300F8E3B3;
					};
				};
			};
			buildConfigurationList = FF0710DE2E4A8A0300F8E3B3 /* Build configuration list for PBXProject "POStest" */;
			developmentRegion = en;
			hasScannedForEncodings = 0;
			knownRegions = (
				en,
				Base,
			);
			mainGroup = FF0710DA2E4A8A0300F8E3B3;
			minimizedProjectReferenceProxies = 1;
			packageReferences = (
				FF00C9002E4D013E00104283 /* XCRemoteSwiftPackageReference "sumup-ios-sdk" */,
			);
			preferredProjectObjectVersion = 77;
			productRefGroup = FF0710E42E4A8A0300F8E3B3 /* Products */;
			projectDirPath = "";
			projectRoot = "";
			targets = (
				FF0710E22E4A8A0300F8E3B3 /* POStest */,
				FF0710F32E4A8A0500F8E3B3 /* POStestTests */,
				FF0710FD2E4A8A0500F8E3B3 /* POStestUITests */,
			);
		};
/* End PBXProject section */

/* Begin PBXResourcesBuildPhase section */
		FF0710E12E4A8A0300F8E3B3 /* Resources */ = {
			isa = PBXResourcesBuildPhase;
			buildActionMask = 2147483647;
			files = (
			);
			runOnlyForDeploymentPostprocessing = 0;
		};
		FF0710F22E4A8A0500F8E3B3 /* Resources */ = {
			isa = PBXResourcesBuildPhase;
			buildActionMask = 2147483647;
			files = (
			);
			runOnlyForDeploymentPostprocessing = 0;
		};
		FF0710FC2E4A8A0500F8E3B3 /* Resources */ = {
			isa = PBXResourcesBuildPhase;
			buildActionMask = 2147483647;
			files = (
			);
			runOnlyForDeploymentPostprocessing = 0;
		};
/* End PBXResourcesBuildPhase section */

/* Begin PBXSourcesBuildPhase section */
		FF0710DF2E4A8A0300F8E3B3 /* Sources */ = {
			isa = PBXSourcesBuildPhase;
			buildActionMask = 2147483647;
			files = (
			);
			runOnlyForDeploymentPostprocessing = 0;
		};
		FF0710F02E4A8A0500F8E3B3 /* Sources */ = {
			isa = PBXSourcesBuildPhase;
			buildActionMask = 2147483647;
			files = (
			);
			runOnlyForDeploymentPostprocessing = 0;
		};
		FF0710FA2E4A8A0500F8E3B3 /* Sources */ = {
			isa = PBXSourcesBuildPhase;
			buildActionMask = 2147483647;
			files = (
			);
			runOnlyForDeploymentPostprocessing = 0;
		};
/* End PBXSourcesBuildPhase section */

/* Begin PBXTargetDependency section */
		FF0710F62E4A8A0500F8E3B3 /* PBXTargetDependency */ = {
			isa = PBXTargetDependency;
			target = FF0710E22E4A8A0300F8E3B3 /* POStest */;
			targetProxy = FF0710F52E4A8A0500F8E3B3 /* PBXContainerItemProxy */;
		};
		FF0711002E4A8A0500F8E3B3 /* PBXTargetDependency */ = {
			isa = PBXTargetDependency;
			target = FF0710E22E4A8A0300F8E3B3 /* POStest */;
			targetProxy = FF0710FF2E4A8A0500F8E3B3 /* PBXContainerItemProxy */;
		};
/* End PBXTargetDependency section */

/* Begin XCBuildConfiguration section */
		FF0711062E4A8A0500F8E3B3 /* Debug */ = {
			isa = XCBuildConfiguration;
			buildSettings = {
				ALWAYS_SEARCH_USER_PATHS = NO;
				ASSETCATALOG_COMPILER_GENERATE_SWIFT_ASSET_SYMBOL_EXTENSIONS = YES;
				CLANG_ANALYZER_NONNULL = YES;
				CLANG_ANALYZER_NUMBER_OBJECT_CONVERSION = YES_AGGRESSIVE;
				CLANG_CXX_LANGUAGE_STANDARD = "gnu++20";
				CLANG_ENABLE_MODULES = YES;
				CLANG_ENABLE_OBJC_ARC = YES;
				CLANG_ENABLE_OBJC_WEAK = YES;
				CLANG_WARN_BLOCK_CAPTURE_AUTORELEASING = YES;
				CLANG_WARN_BOOL_CONVERSION = YES;
				CLANG_WARN_COMMA = YES;
				CLANG_WARN_CONSTANT_CONVERSION = YES;
				CLANG_WARN_DEPRECATED_OBJC_IMPLEMENTATIONS = YES;
				CLANG_WARN_DIRECT_OBJC_ISA_USAGE = YES_ERROR;
				CLANG_WARN_DOCUMENTATION_COMMENTS = YES;
				CLANG_WARN_EMPTY_BODY = YES;
				CLANG_WARN_ENUM_CONVERSION = YES;
				CLANG_WARN_INFINITE_RECURSION = YES;
				CLANG_WARN_INT_CONVERSION = YES;
				CLANG_WARN_NON_LITERAL_NULL_CONVERSION = YES;
				CLANG_WARN_OBJC_IMPLICIT_RETAIN_SELF = YES;
				CLANG_WARN_OBJC_LITERAL_CONVERSION = YES;
				CLANG_WARN_OBJC_ROOT_CLASS = YES_ERROR;
				CLANG_WARN_QUOTED_INCLUDE_IN_FRAMEWORK_HEADER = YES;
				CLANG_WARN_RANGE_LOOP_ANALYSIS = YES;
				CLANG_WARN_STRICT_PROTOTYPES = YES;
				CLANG_WARN_SUSPICIOUS_MOVE = YES;
				CLANG_WARN_UNGUARDED_AVAILABILITY = YES_AGGRESSIVE;
				CLANG_WARN_UNREACHABLE_CODE = YES;
				CLANG_WARN__DUPLICATE_METHOD_MATCH = YES;
				COPY_PHASE_STRIP = NO;
				DEBUG_INFORMATION_FORMAT = dwarf;
				ENABLE_STRICT_OBJC_MSGSEND = YES;
				ENABLE_TESTABILITY = YES;
				ENABLE_USER_SCRIPT_SANDBOXING = YES;
				GCC_C_LANGUAGE_STANDARD = gnu17;
				GCC_DYNAMIC_NO_PIC = NO;
				GCC_NO_COMMON_BLOCKS = YES;
				GCC_OPTIMIZATION_LEVEL = 0;
				GCC_PREPROCESSOR_DEFINITIONS = (
					"DEBUG=1",
					"$(inherited)",
				);
				GCC_WARN_64_TO_32_BIT_CONVERSION = YES;
				GCC_WARN_ABOUT_RETURN_TYPE = YES_ERROR;
				GCC_WARN_UNDECLARED_SELECTOR = YES;
				GCC_WARN_UNINITIALIZED_AUTOS = YES_AGGRESSIVE;
				GCC_WARN_UNUSED_FUNCTION = YES;
				GCC_WARN_UNUSED_VARIABLE = YES;
				LOCALIZATION_PREFERS_STRING_CATALOGS = YES;
				MTL_ENABLE_DEBUG_INFO = INCLUDE_SOURCE;
				MTL_FAST_MATH = YES;
				ONLY_ACTIVE_ARCH = YES;
				SWIFT_ACTIVE_COMPILATION_CONDITIONS = "DEBUG $(inherited)";
				SWIFT_OPTIMIZATION_LEVEL = "-Onone";
			};
			name = Debug;
		};
		FF0711072E4A8A0500F8E3B3 /* Release */ = {
			isa = XCBuildConfiguration;
			buildSettings = {
				ALWAYS_SEARCH_USER_PATHS = NO;
				ASSETCATALOG_COMPILER_GENERATE_SWIFT_ASSET_SYMBOL_EXTENSIONS = YES;
				CLANG_ANALYZER_NONNULL = YES;
				CLANG_ANALYZER_NUMBER_OBJECT_CONVERSION = YES_AGGRESSIVE;
				CLANG_CXX_LANGUAGE_STANDARD = "gnu++20";
				CLANG_ENABLE_MODULES = YES;
				CLANG_ENABLE_OBJC_ARC = YES;
				CLANG_ENABLE_OBJC_WEAK = YES;
				CLANG_WARN_BLOCK_CAPTURE_AUTORELEASING = YES;
				CLANG_WARN_BOOL_CONVERSION = YES;
				CLANG_WARN_COMMA = YES;
				CLANG_WARN_CONSTANT_CONVERSION = YES;
				CLANG_WARN_DEPRECATED_OBJC_IMPLEMENTATIONS = YES;
				CLANG_WARN_DIRECT_OBJC_ISA_USAGE = YES_ERROR;
				CLANG_WARN_DOCUMENTATION_COMMENTS = YES;
				CLANG_WARN_EMPTY_BODY = YES;
				CLANG_WARN_ENUM_CONVERSION = YES;
				CLANG_WARN_INFINITE_RECURSION = YES;
				CLANG_WARN_INT_CONVERSION = YES;
				CLANG_WARN_NON_LITERAL_NULL_CONVERSION = YES;
				CLANG_WARN_OBJC_IMPLICIT_RETAIN_SELF = YES;
				CLANG_WARN_OBJC_LITERAL_CONVERSION = YES;
				CLANG_WARN_OBJC_ROOT_CLASS = YES_ERROR;
				CLANG_WARN_QUOTED_INCLUDE_IN_FRAMEWORK_HEADER = YES;
				CLANG_WARN_RANGE_LOOP_ANALYSIS = YES;
				CLANG_WARN_STRICT_PROTOTYPES = YES;
				CLANG_WARN_SUSPICIOUS_MOVE = YES;
				CLANG_WARN_UNGUARDED_AVAILABILITY = YES_AGGRESSIVE;
				CLANG_WARN_UNREACHABLE_CODE = YES;
				CLANG_WARN__DUPLICATE_METHOD_MATCH = YES;
				COPY_PHASE_STRIP = NO;
				DEBUG_INFORMATION_FORMAT = "dwarf-with-dsym";
				ENABLE_NS_ASSERTIONS = NO;
				ENABLE_STRICT_OBJC_MSGSEND = YES;
				ENABLE_USER_SCRIPT_SANDBOXING = YES;
				GCC_C_LANGUAGE_STANDARD = gnu17;
				GCC_NO_COMMON_BLOCKS = YES;
				GCC_WARN_64_TO_32_BIT_CONVERSION = YES;
				GCC_WARN_ABOUT_RETURN_TYPE = YES_ERROR;
				GCC_WARN_UNDECLARED_SELECTOR = YES;
				GCC_WARN_UNINITIALIZED_AUTOS = YES_AGGRESSIVE;
				GCC_WARN_UNUSED_FUNCTION = YES;
				GCC_WARN_UNUSED_VARIABLE = YES;
				LOCALIZATION_PREFERS_STRING_CATALOGS = YES;
				MTL_ENABLE_DEBUG_INFO = NO;
				MTL_FAST_MATH = YES;
				SWIFT_COMPILATION_MODE = wholemodule;
			};
			name = Release;
		};
		FF0711092E4A8A0500F8E3B3 /* Debug */ = {
			isa = XCBuildConfiguration;
			buildSettings = {
				ASSETCATALOG_COMPILER_APPICON_NAME = AppIcon;
				ASSETCATALOG_COMPILER_GLOBAL_ACCENT_COLOR_NAME = AccentColor;
				CODE_SIGN_ENTITLEMENTS = POStest/POStest.entitlements;
				CODE_SIGN_STYLE = Automatic;
				CURRENT_PROJECT_VERSION = 1;
				DEVELOPMENT_ASSET_PATHS = "\"POStest/Preview Content\"";
				DEVELOPMENT_TEAM = S8B4BPJWX4;
				ENABLE_PREVIEWS = YES;
				GENERATE_INFOPLIST_FILE = YES;
				INFOPLIST_KEY_NSBluetoothAlwaysUsageDescription = "Allow connections for printers";
				INFOPLIST_KEY_NSBluetoothPeripheralUsageDescription = "Allow connections for printers";
				"INFOPLIST_KEY_UIApplicationSceneManifest_Generation[sdk=iphoneos*]" = YES;
				"INFOPLIST_KEY_UIApplicationSceneManifest_Generation[sdk=iphonesimulator*]" = YES;
				"INFOPLIST_KEY_UIApplicationSupportsIndirectInputEvents[sdk=iphoneos*]" = YES;
				"INFOPLIST_KEY_UIApplicationSupportsIndirectInputEvents[sdk=iphonesimulator*]" = YES;
				"INFOPLIST_KEY_UILaunchScreen_Generation[sdk=iphoneos*]" = YES;
				"INFOPLIST_KEY_UILaunchScreen_Generation[sdk=iphonesimulator*]" = YES;
				"INFOPLIST_KEY_UIStatusBarStyle[sdk=iphoneos*]" = UIStatusBarStyleDefault;
				"INFOPLIST_KEY_UIStatusBarStyle[sdk=iphonesimulator*]" = UIStatusBarStyleDefault;
				INFOPLIST_KEY_UISupportedInterfaceOrientations_iPad = "UIInterfaceOrientationPortrait UIInterfaceOrientationPortraitUpsideDown UIInterfaceOrientationLandscapeLeft UIInterfaceOrientationLandscapeRight";
				INFOPLIST_KEY_UISupportedInterfaceOrientations_iPhone = "UIInterfaceOrientationPortrait UIInterfaceOrientationLandscapeLeft UIInterfaceOrientationLandscapeRight";
				IPHONEOS_DEPLOYMENT_TARGET = 18.2;
				LD_RUNPATH_SEARCH_PATHS = "@executable_path/Frameworks";
				"LD_RUNPATH_SEARCH_PATHS[sdk=macosx*]" = "@executable_path/../Frameworks";
				MACOSX_DEPLOYMENT_TARGET = 15.0;
				MARKETING_VERSION = 1.0;
				PRODUCT_BUNDLE_IDENTIFIER = gobi10k.POStest;
				PRODUCT_NAME = "$(TARGET_NAME)";
				SDKROOT = auto;
				SUPPORTED_PLATFORMS = "iphoneos iphonesimulator macosx xros xrsimulator";
				SWIFT_EMIT_LOC_STRINGS = YES;
				SWIFT_VERSION = 5.0;
				TARGETED_DEVICE_FAMILY = "1,2,7";
				XROS_DEPLOYMENT_TARGET = 2.2;
			};
			name = Debug;
		};
		FF07110A2E4A8A0500F8E3B3 /* Release */ = {
			isa = XCBuildConfiguration;
			buildSettings = {
				ASSETCATALOG_COMPILER_APPICON_NAME = AppIcon;
				ASSETCATALOG_COMPILER_GLOBAL_ACCENT_COLOR_NAME = AccentColor;
				CODE_SIGN_ENTITLEMENTS = POStest/POStest.entitlements;
				CODE_SIGN_STYLE = Automatic;
				CURRENT_PROJECT_VERSION = 1;
				DEVELOPMENT_ASSET_PATHS = "\"POStest/Preview Content\"";
				DEVELOPMENT_TEAM = S8B4BPJWX4;
				ENABLE_PREVIEWS = YES;
				GENERATE_INFOPLIST_FILE = YES;
				INFOPLIST_KEY_NSBluetoothAlwaysUsageDescription = "Allow connections for printers";
				INFOPLIST_KEY_NSBluetoothPeripheralUsageDescription = "Allow connections for printers";
				"INFOPLIST_KEY_UIApplicationSceneManifest_Generation[sdk=iphoneos*]" = YES;
				"INFOPLIST_KEY_UIApplicationSceneManifest_Generation[sdk=iphonesimulator*]" = YES;
				"INFOPLIST_KEY_UIApplicationSupportsIndirectInputEvents[sdk=iphoneos*]" = YES;
				"INFOPLIST_KEY_UIApplicationSupportsIndirectInputEvents[sdk=iphonesimulator*]" = YES;
				"INFOPLIST_KEY_UILaunchScreen_Generation[sdk=iphoneos*]" = YES;
				"INFOPLIST_KEY_UILaunchScreen_Generation[sdk=iphonesimulator*]" = YES;
				"INFOPLIST_KEY_UIStatusBarStyle[sdk=iphoneos*]" = UIStatusBarStyleDefault;
				"INFOPLIST_KEY_UIStatusBarStyle[sdk=iphonesimulator*]" = UIStatusBarStyleDefault;
				INFOPLIST_KEY_UISupportedInterfaceOrientations_iPad = "UIInterfaceOrientationPortrait UIInterfaceOrientationPortraitUpsideDown UIInterfaceOrientationLandscapeLeft UIInterfaceOrientationLandscapeRight";
				INFOPLIST_KEY_UISupportedInterfaceOrientations_iPhone = "UIInterfaceOrientationPortrait UIInterfaceOrientationLandscapeLeft UIInterfaceOrientationLandscapeRight";
				IPHONEOS_DEPLOYMENT_TARGET = 18.2;
				LD_RUNPATH_SEARCH_PATHS = "@executable_path/Frameworks";
				"LD_RUNPATH_SEARCH_PATHS[sdk=macosx*]" = "@executable_path/../Frameworks";
				MACOSX_DEPLOYMENT_TARGET = 15.0;
				MARKETING_VERSION = 1.0;
				PRODUCT_BUNDLE_IDENTIFIER = gobi10k.POStest;
				PRODUCT_NAME = "$(TARGET_NAME)";
				SDKROOT = auto;
				SUPPORTED_PLATFORMS = "iphoneos iphonesimulator macosx xros xrsimulator";
				SWIFT_EMIT_LOC_STRINGS = YES;
				SWIFT_VERSION = 5.0;
				TARGETED_DEVICE_FAMILY = "1,2,7";
				XROS_DEPLOYMENT_TARGET = 2.2;
			};
			name = Release;
		};
		FF07110C2E4A8A0500F8E3B3 /* Debug */ = {
			isa = XCBuildConfiguration;
			buildSettings = {
				BUNDLE_LOADER = "$(TEST_HOST)";
				CODE_SIGN_STYLE = Automatic;
				CURRENT_PROJECT_VERSION = 1;
				GENERATE_INFOPLIST_FILE = YES;
				IPHONEOS_DEPLOYMENT_TARGET = 18.2;
				MACOSX_DEPLOYMENT_TARGET = 15.0;
				MARKETING_VERSION = 1.0;
				PRODUCT_BUNDLE_IDENTIFIER = gobi10k.POStestTests;
				PRODUCT_NAME = "$(TARGET_NAME)";
				SDKROOT = auto;
				SUPPORTED_PLATFORMS = "iphoneos iphonesimulator macosx xros xrsimulator";
				SWIFT_EMIT_LOC_STRINGS = NO;
				SWIFT_VERSION = 5.0;
				TARGETED_DEVICE_FAMILY = "1,2,7";
				TEST_HOST = "$(BUILT_PRODUCTS_DIR)/POStest.app/$(BUNDLE_EXECUTABLE_FOLDER_PATH)/POStest";
				XROS_DEPLOYMENT_TARGET = 2.2;
			};
			name = Debug;
		};
		FF07110D2E4A8A0500F8E3B3 /* Release */ = {
			isa = XCBuildConfiguration;
			buildSettings = {
				BUNDLE_LOADER = "$(TEST_HOST)";
				CODE_SIGN_STYLE = Automatic;
				CURRENT_PROJECT_VERSION = 1;
				GENERATE_INFOPLIST_FILE = YES;
				IPHONEOS_DEPLOYMENT_TARGET = 18.2;
				MACOSX_DEPLOYMENT_TARGET = 15.0;
				MARKETING_VERSION = 1.0;
				PRODUCT_BUNDLE_IDENTIFIER = gobi10k.POStestTests;
				PRODUCT_NAME = "$(TARGET_NAME)";
				SDKROOT = auto;
				SUPPORTED_PLATFORMS = "iphoneos iphonesimulator macosx xros xrsimulator";
				SWIFT_EMIT_LOC_STRINGS = NO;
				SWIFT_VERSION = 5.0;
				TARGETED_DEVICE_FAMILY = "1,2,7";
				TEST_HOST = "$(BUILT_PRODUCTS_DIR)/POStest.app/$(BUNDLE_EXECUTABLE_FOLDER_PATH)/POStest";
				XROS_DEPLOYMENT_TARGET = 2.2;
			};
			name = Release;
		};
		FF07110F2E4A8A0500F8E3B3 /* Debug */ = {
			isa = XCBuildConfiguration;
			buildSettings = {
				CODE_SIGN_STYLE = Automatic;
				CURRENT_PROJECT_VERSION = 1;
				GENERATE_INFOPLIST_FILE = YES;
				IPHONEOS_DEPLOYMENT_TARGET = 18.2;
				MACOSX_DEPLOYMENT_TARGET = 15.0;
				MARKETING_VERSION = 1.0;
				PRODUCT_BUNDLE_IDENTIFIER = gobi10k.POStestUITests;
				PRODUCT_NAME = "$(TARGET_NAME)";
				SDKROOT = auto;
				SUPPORTED_PLATFORMS = "iphoneos iphonesimulator macosx xros xrsimulator";
				SWIFT_EMIT_LOC_STRINGS = NO;
				SWIFT_VERSION = 5.0;
				TARGETED_DEVICE_FAMILY = "1,2,7";
				TEST_TARGET_NAME = POStest;
				XROS_DEPLOYMENT_TARGET = 2.2;
			};
			name = Debug;
		};
		FF0711102E4A8A0500F8E3B3 /* Release */ = {
			isa = XCBuildConfiguration;
			buildSettings = {
				CODE_SIGN_STYLE = Automatic;
				CURRENT_PROJECT_VERSION = 1;
				GENERATE_INFOPLIST_FILE = YES;
				IPHONEOS_DEPLOYMENT_TARGET = 18.2;
				MACOSX_DEPLOYMENT_TARGET = 15.0;
				MARKETING_VERSION = 1.0;
				PRODUCT_BUNDLE_IDENTIFIER = gobi10k.POStestUITests;
				PRODUCT_NAME = "$(TARGET_NAME)";
				SDKROOT = auto;
				SUPPORTED_PLATFORMS = "iphoneos iphonesimulator macosx xros xrsimulator";
				SWIFT_EMIT_LOC_STRINGS = NO;
				SWIFT_VERSION = 5.0;
				TARGETED_DEVICE_FAMILY = "1,2,7";
				TEST_TARGET_NAME = POStest;
				XROS_DEPLOYMENT_TARGET = 2.2;
			};
			name = Release;
		};
/* End XCBuildConfiguration section */

/* Begin XCConfigurationList section */
		FF0710DE2E4A8A0300F8E3B3 /* Build configuration list for PBXProject "POStest" */ = {
			isa = XCConfigurationList;
			buildConfigurations = (
				FF0711062E4A8A0500F8E3B3 /* Debug */,
				FF0711072E4A8A0500F8E3B3 /* Release */,
			);
			defaultConfigurationIsVisible = 0;
			defaultConfigurationName = Release;
		};
		FF0711082E4A8A0500F8E3B3 /* Build configuration list for PBXNativeTarget "POStest" */ = {
			isa = XCConfigurationList;
			buildConfigurations = (
				FF0711092E4A8A0500F8E3B3 /* Debug */,
				FF07110A2E4A8A0500F8E3B3 /* Release */,
			);
			defaultConfigurationIsVisible = 0;
			defaultConfigurationName = Release;
		};
		FF07110B2E4A8A0500F8E3B3 /* Build configuration list for PBXNativeTarget "POStestTests" */ = {
			isa = XCConfigurationList;
			buildConfigurations = (
				FF07110C2E4A8A0500F8E3B3 /* Debug */,
				FF07110D2E4A8A0500F8E3B3 /* Release */,
			);
			defaultConfigurationIsVisible = 0;
			defaultConfigurationName = Release;
		};
		FF07110E2E4A8A0500F8E3B3 /* Build configuration list for PBXNativeTarget "POStestUITests" */ = {
			isa = XCConfigurationList;
			buildConfigurations = (
				FF07110F2E4A8A0500F8E3B3 /* Debug */,
				FF0711102E4A8A0500F8E3B3 /* Release */,
			);
			defaultConfigurationIsVisible = 0;
			defaultConfigurationName = Release;
		};
/* End XCConfigurationList section */

/* Begin XCRemoteSwiftPackageReference section */
		A5EAC7A1E6494A739F591750 /* XCRemoteSwiftPackageReference "sumup-ios-sdk" */ = {
			isa = XCRemoteSwiftPackageReference;
			repositoryURL = "https://github.com/sumup/sumup-ios-sdk";
			requirement = {
				kind = upToNextMajorVersion;
				minimumVersion = 6.1.1;
			};
		};
		FF00C9002E4D013E00104283 /* XCRemoteSwiftPackageReference "sumup-ios-sdk" */ = {
			isa = XCRemoteSwiftPackageReference;
			repositoryURL = "https://github.com/sumup/sumup-ios-sdk";
			requirement = {
				branch = master;
				kind = branch;
			};
		};
/* End XCRemoteSwiftPackageReference section */

/* Begin XCSwiftPackageProductDependency section */
		A5EAC7A2E6494A739F591748 /* SumUpSDK */ = {
			isa = XCSwiftPackageProductDependency;
			package = A5EAC7A1E6494A739F591750 /* XCRemoteSwiftPackageReference "sumup-ios-sdk" */;
			productName = SumUpSDK;
		};
/* End XCSwiftPackageProductDependency section */
	};
	rootObject = FF0710DB2E4A8A0300F8E3B3 /* Project object */;
}
